
Microsoft Visual Studio Solution File, Format Version 12.00
# Visual Studio Version 17
VisualStudioVersion = 17.3.32804.467
MinimumVisualStudioVersion = 10.0.40219.1
Project("{FAE04EC0-301F-11D3-BF4B-00C04F79EFBC}") = "Uno.IconFontUpdater", "Uno.IconFontUpdater.csproj", "{14220FB7-528E-431D-94F9-D046C8E2FE88}"
EndProject
Global
	GlobalSection(SolutionConfigurationPlatforms) = preSolution
		Debug|Any CPU = Debug|Any CPU
		Release|Any CPU = Release|Any CPU
	EndGlobalSection
	GlobalSection(ProjectConfigurationPlatforms) = postSolution
		{14220FB7-528E-431D-94F9-D046C8E2FE88}.Debug|Any CPU.ActiveCfg = Debug|Any CPU
		{14220FB7-528E-431D-94F9-D046C8E2FE88}.Debug|Any CPU.Build.0 = Debug|Any CPU
		{14220FB7-528E-431D-94F9-D046C8E2FE88}.Release|Any CPU.ActiveCfg = Release|Any CPU
		{14220FB7-528E-431D-94F9-D046C8E2FE88}.Release|Any CPU.Build.0 = Release|Any CPU
	EndGlobalSection
	GlobalSection(SolutionProperties) = preSolution
		HideSolutionNode = FALSE
	EndGlobalSection
	GlobalSection(ExtensibilityGlobals) = postSolution
		SolutionGuid = {3DE541E2-9E1F-481E-8222-E753357B3539}
	EndGlobalSection
EndGlobal
